<?xml version="1.0" encoding="utf-8"?>
<Project ToolsVersion="4.0" xmlns="http://schemas.microsoft.com/developer/msbuild/2003">
  <ItemGroup>
    <Filter Include="ソース ファイル">
      <UniqueIdentifier>{4FC737F1-C7A5-4376-A066-2A32D752A2FF}</UniqueIdentifier>
      <Extensions>cpp;c;cc;cxx;def;odl;idl;hpj;bat;asm;asmx</Extensions>
    </Filter>
    <Filter Include="ヘッダー ファイル">
      <UniqueIdentifier>{93995380-89BD-4b04-88EB-625FBE52EBFB}</UniqueIdentifier>
      <Extensions>h;hh;hpp;hxx;hm;inl;inc;ipp;xsd</Extensions>
    </Filter>
    <Filter Include="リソース ファイル">
      <UniqueIdentifier>{67DA6AB6-F800-4c08-8B7A-83BB121AAD01}</UniqueIdentifier>
      <Extensions>rc;ico;cur;bmp;dlg;rc2;rct;bin;rgs;gif;jpg;jpeg;jpe;resx;tiff;tif;png;wav;mfcribbon-ms</Extensions>
    </Filter>
    <Filter Include="Scene">
      <UniqueIdentifier>{d3f6b0c9-aa90-4a0a-9d85-5769754fd1c7}</UniqueIdentifier>
    </Filter>
    <Filter Include="object">
      <UniqueIdentifier>{6baf4948-f40b-4c06-9ed4-db8fb550af0a}</UniqueIdentifier>
    </Filter>
    <Filter Include="Engine">
      <UniqueIdentifier>{c62b9f3a-9f05-4716-84db-7708ed767ab3}</UniqueIdentifier>
    </Filter>
  </ItemGroup>
  <ItemGroup>
    <ClCompile Include="Main.cpp">
      <Filter>ソース ファイル</Filter>
    </ClCompile>
    <ClCompile Include="Title.cpp">
      <Filter>Scene</Filter>
    </ClCompile>
    <ClCompile Include="GameClear.cpp">
      <Filter>Scene</Filter>
    </ClCompile>
    <ClCompile Include="GameOver.cpp">
      <Filter>Scene</Filter>
    </ClCompile>
    <ClCompile Include="Graphics.cpp">
      <Filter>Engine</Filter>
    </ClCompile>
    <ClCompile Include="Window.cpp">
      <Filter>Engine</Filter>
    </ClCompile>
    <ClCompile Include="Input.cpp">
      <Filter>Engine</Filter>
    </ClCompile>
    <ClCompile Include="Texture.cpp">
      <Filter>Engine</Filter>
    </ClCompile>
    <ClCompile Include="Scene.cpp">
      <Filter>Scene</Filter>
    </ClCompile>
    <ClCompile Include="Puzzle.cpp">
      <Filter>object</Filter>
    </ClCompile>
    <ClCompile Include="Player.cpp">
      <Filter>object</Filter>
    </ClCompile>
    <ClCompile Include="PuzzleGame.cpp">
      <Filter>Scene</Filter>
    </ClCompile>
    <ClCompile Include="Movie.cpp">
      <Filter>Scene</Filter>
    </ClCompile>
    <ClCompile Include="Bg.cpp">
      <Filter>object</Filter>
    </ClCompile>
    <ClCompile Include="Hit.cpp">
      <Filter>object</Filter>
    </ClCompile>
    <ClCompile Include="TalkScene.cpp">
      <Filter>Scene</Filter>
    </ClCompile>
    <ClCompile Include="Robot.cpp">
      <Filter>object</Filter>
    </ClCompile>
    <ClCompile Include="Search.cpp">
      <Filter>Scene</Filter>
    </ClCompile>
    <ClCompile Include="Search2.cpp">
      <Filter>Scene</Filter>
    </ClCompile>
    <ClCompile Include="Menu.cpp">
      <Filter>object</Filter>
    </ClCompile>
    <ClCompile Include="SearchGame.cpp">
      <Filter>Scene</Filter>
    </ClCompile>
    <ClCompile Include="Scenario.cpp">
      <Filter>Scene</Filter>
    </ClCompile>
    <ClCompile Include="Item.cpp">
      <Filter>object</Filter>
    </ClCompile>
    <ClCompile Include="Text.cpp">
      <Filter>object</Filter>
    </ClCompile>
    <ClCompile Include="CriminalRoom.cpp">
      <Filter>Scene</Filter>
    </ClCompile>
    <ClCompile Include="Tundere.cpp">
      <Filter>Scene</Filter>
    </ClCompile>
    <ClCompile Include="Yuruhuwa.cpp">
      <Filter>Scene</Filter>
    </ClCompile>
  </ItemGroup>
  <ItemGroup>
    <ClInclude Include="Title.h">
      <Filter>Scene</Filter>
    </ClInclude>
    <ClInclude Include="GameClear.h">
      <Filter>Scene</Filter>
    </ClInclude>
    <ClInclude Include="GameOverr.h">
      <Filter>Scene</Filter>
    </ClInclude>
    <ClInclude Include="Graphics.h">
      <Filter>Engine</Filter>
    </ClInclude>
    <ClInclude Include="Window.h">
      <Filter>Engine</Filter>
    </ClInclude>
    <ClInclude Include="Input.h">
      <Filter>Engine</Filter>
    </ClInclude>
    <ClInclude Include="Texture.h">
      <Filter>Engine</Filter>
    </ClInclude>
    <ClInclude Include="Scene.h">
      <Filter>Scene</Filter>
    </ClInclude>
    <ClInclude Include="Player.h">
      <Filter>object</Filter>
    </ClInclude>
    <ClInclude Include="PuzzleGame.h">
      <Filter>Scene</Filter>
    </ClInclude>
    <ClInclude Include="Movie.h">
      <Filter>Scene</Filter>
    </ClInclude>
    <ClInclude Include="Bg.h">
      <Filter>object</Filter>
    </ClInclude>
    <ClInclude Include="Hit.h">
      <Filter>object</Filter>
    </ClInclude>
    <ClInclude Include="Puzzle.h">
      <Filter>object</Filter>
    </ClInclude>
    <ClInclude Include="TalkScene.h">
      <Filter>Scene</Filter>
    </ClInclude>
    <ClInclude Include="Robot.h">
      <Filter>object</Filter>
    </ClInclude>
    <ClInclude Include="Search.h">
      <Filter>Scene</Filter>
    </ClInclude>
    <ClInclude Include="Search2.h">
      <Filter>Scene</Filter>
    </ClInclude>
    <ClInclude Include="Menu.h">
      <Filter>object</Filter>
    </ClInclude>
    <ClInclude Include="SearchGame.h">
      <Filter>Scene</Filter>
    </ClInclude>
    <ClInclude Include="Scenario.h">
      <Filter>Scene</Filter>
    </ClInclude>
    <ClInclude Include="Item.h">
      <Filter>object</Filter>
    </ClInclude>
    <ClInclude Include="Text.h">
      <Filter>object</Filter>
    </ClInclude>
    <ClInclude Include="CriminalRoom.h">
      <Filter>Scene</Filter>
    </ClInclude>
    <ClInclude Include="Tundere.h">
      <Filter>Scene</Filter>
    </ClInclude>
    <ClInclude Include="Yuruhuwa.h">
      <Filter>Scene</Filter>
    </ClInclude>
  </ItemGroup>
</Project>